<Solution>
  <Folder Name="/src/">
    <Project Path="src/RigShift.Core/RigShift.Core.csproj" />
    <Project Path="src/RigShift.Windows/RigShift.Windows.csproj" />
    <Project Path="src/RigShift.App/RigShift.App.csproj" />
  </Folder>
  <Folder Name="/tests/">
    <Project Path="tests/RigShift.Core.Tests/RigShift.Core.Tests.csproj" />
    <Project Path="tests/RigShift.Windows.Tests/RigShift.Windows.Tests.csproj" />
    <Project Path="tests/RigShift.App.Tests/RigShift.App.Tests.csproj" />
  </Folder>
  <Folder Name="/solution items/">
    <File Path="Directory.Build.props" />
    <File Path="Directory.Packages.props" />
    <File Path="global.json" />
    <File Path=".editorconfig" />
    <File Path="README.md" />
  </Folder>
  <Folder Name="/tools/">
    <Project Path="tools/RigShift.Probe/RigShift.Probe.csproj" />
  </Folder>
</Solution>
